
Microsoft Visual Studio Solution File, Format Version 12.00
# Visual Studio 15
VisualStudioVersion = 15.0.28010.2046
MinimumVisualStudioVersion = 10.0.40219.1
Project("{FAE04EC0-301F-11D3-BF4B-00C04F79EFBC}") = "Domain", "Domain\Domain.csproj", "{56D3B890-016E-416A-9782-633D3866AC01}"
EndProject
Project("{FAE04EC0-301F-11D3-BF4B-00C04F79EFBC}") = "DapperRepo", "DapperRepo\DapperRepo.csproj", "{46A531AF-E191-4B66-8D95-F3629ED57E6C}"
EndProject
Project("{FAE04EC0-301F-11D3-BF4B-00C04F79EFBC}") = "CqrsExample", "CqrsExample\CqrsExample.csproj", "{80F2D8FD-0A74-4F3D-AC11-80D5FA3A89B5}"
EndProject
Project("{FAE04EC0-301F-11D3-BF4B-00C04F79EFBC}") = "EfRepo", "EfRepo\EfRepo.csproj", "{6C77D106-80F0-4328-A0AC-571B7FE97DE4}"
EndProject
Project("{FAE04EC0-301F-11D3-BF4B-00C04F79EFBC}") = "WebUI", "WebUI\WebUI.csproj", "{84DC7E2A-BCA2-40D9-A403-A0A2D49145A4}"
EndProject
Global
	GlobalSection(SolutionConfigurationPlatforms) = preSolution
		Debug|Any CPU = Debug|Any CPU
		Release|Any CPU = Release|Any CPU
	EndGlobalSection
	GlobalSection(ProjectConfigurationPlatforms) = postSolution
		{56D3B890-016E-416A-9782-633D3866AC01}.Debug|Any CPU.ActiveCfg = Debug|Any CPU
		{56D3B890-016E-416A-9782-633D3866AC01}.Debug|Any CPU.Build.0 = Debug|Any CPU
		{56D3B890-016E-416A-9782-633D3866AC01}.Release|Any CPU.ActiveCfg = Release|Any CPU
		{56D3B890-016E-416A-9782-633D3866AC01}.Release|Any CPU.Build.0 = Release|Any CPU
		{46A531AF-E191-4B66-8D95-F3629ED57E6C}.Debug|Any CPU.ActiveCfg = Debug|Any CPU
		{46A531AF-E191-4B66-8D95-F3629ED57E6C}.Debug|Any CPU.Build.0 = Debug|Any CPU
		{46A531AF-E191-4B66-8D95-F3629ED57E6C}.Release|Any CPU.ActiveCfg = Release|Any CPU
		{46A531AF-E191-4B66-8D95-F3629ED57E6C}.Release|Any CPU.Build.0 = Release|Any CPU
		{80F2D8FD-0A74-4F3D-AC11-80D5FA3A89B5}.Debug|Any CPU.ActiveCfg = Debug|Any CPU
		{80F2D8FD-0A74-4F3D-AC11-80D5FA3A89B5}.Debug|Any CPU.Build.0 = Debug|Any CPU
		{80F2D8FD-0A74-4F3D-AC11-80D5FA3A89B5}.Release|Any CPU.ActiveCfg = Release|Any CPU
		{80F2D8FD-0A74-4F3D-AC11-80D5FA3A89B5}.Release|Any CPU.Build.0 = Release|Any CPU
		{6C77D106-80F0-4328-A0AC-571B7FE97DE4}.Debug|Any CPU.ActiveCfg = Debug|Any CPU
		{6C77D106-80F0-4328-A0AC-571B7FE97DE4}.Debug|Any CPU.Build.0 = Debug|Any CPU
		{6C77D106-80F0-4328-A0AC-571B7FE97DE4}.Release|Any CPU.ActiveCfg = Release|Any CPU
		{6C77D106-80F0-4328-A0AC-571B7FE97DE4}.Release|Any CPU.Build.0 = Release|Any CPU
		{84DC7E2A-BCA2-40D9-A403-A0A2D49145A4}.Debug|Any CPU.ActiveCfg = Debug|Any CPU
		{84DC7E2A-BCA2-40D9-A403-A0A2D49145A4}.Debug|Any CPU.Build.0 = Debug|Any CPU
		{84DC7E2A-BCA2-40D9-A403-A0A2D49145A4}.Release|Any CPU.ActiveCfg = Release|Any CPU
		{84DC7E2A-BCA2-40D9-A403-A0A2D49145A4}.Release|Any CPU.Build.0 = Release|Any CPU
	EndGlobalSection
	GlobalSection(SolutionProperties) = preSolution
		HideSolutionNode = FALSE
	EndGlobalSection
	GlobalSection(ExtensibilityGlobals) = postSolution
		SolutionGuid = {527DE55A-85A9-42D9-ACCF-DA8877712245}
	EndGlobalSection
EndGlobal
